
Microsoft Visual Studio Solution File, Format Version 12.00
# Visual Studio Version 16
VisualStudioVersion = 16.0.31624.102
MinimumVisualStudioVersion = 10.0.40219.1
Project("{9A19103F-16F7-4668-BE54-9A1E7A4F7556}") = "Esercizi", "Esercizi\Esercizi.csproj", "{D1449196-E822-4816-AAB1-751BFB0599ED}"
EndProject
Project("{FAE04EC0-301F-11D3-BF4B-00C04F79EFBC}") = "EntityFrameworkDataConnection", "EntityFrameworkDataConnection\EntityFrameworkDataConnection.csproj", "{CBCDFB1A-8086-4AFA-9BFF-1B5C411A7D86}"
EndProject
Global
	GlobalSection(SolutionConfigurationPlatforms) = preSolution
		Debug|Any CPU = Debug|Any CPU
		Release|Any CPU = Release|Any CPU
	EndGlobalSection
	GlobalSection(ProjectConfigurationPlatforms) = postSolution
		{D1449196-E822-4816-AAB1-751BFB0599ED}.Debug|Any CPU.ActiveCfg = Debug|Any CPU
		{D1449196-E822-4816-AAB1-751BFB0599ED}.Debug|Any CPU.Build.0 = Debug|Any CPU
		{D1449196-E822-4816-AAB1-751BFB0599ED}.Release|Any CPU.ActiveCfg = Release|Any CPU
		{D1449196-E822-4816-AAB1-751BFB0599ED}.Release|Any CPU.Build.0 = Release|Any CPU
		{CBCDFB1A-8086-4AFA-9BFF-1B5C411A7D86}.Debug|Any CPU.ActiveCfg = Debug|Any CPU
		{CBCDFB1A-8086-4AFA-9BFF-1B5C411A7D86}.Debug|Any CPU.Build.0 = Debug|Any CPU
		{CBCDFB1A-8086-4AFA-9BFF-1B5C411A7D86}.Release|Any CPU.ActiveCfg = Release|Any CPU
		{CBCDFB1A-8086-4AFA-9BFF-1B5C411A7D86}.Release|Any CPU.Build.0 = Release|Any CPU
	EndGlobalSection
	GlobalSection(SolutionProperties) = preSolution
		HideSolutionNode = FALSE
	EndGlobalSection
	GlobalSection(ExtensibilityGlobals) = postSolution
		SolutionGuid = {E33151CB-D060-441D-8A15-ACF3AC9DB935}
	EndGlobalSection
EndGlobal
